{
  "name": "g-backend_example_hello_world",
  "version": "1.0.0",
  "lockfileVersion": 1,
  "requires": true,
  "dependencies": {
    "gbackend": {
      "version": "0.0.1",
      "resolved": "https://registry.npmjs.org/gbackend/-/gbackend-0.0.1.tgz",
      "integrity": "sha512-3ivX45iB3nCy0eLGFayFQXIsg6DRf37Ybk1szVQWdMnfX/Jf85+395kBKr2rWV9X6POdervMUYJsPprqqXrkRg=="
    }
  }
}
